// !$*UTF8*$!
{
	archiveVersion = 1;
	classes = {
	};
	objectVersion = 46;
	objects = {

/* Begin PBXBuildFile section */
		230587051AB81D6C006A74A2 /* DMPasscode.bundle in Resources */ = {isa = PBXBuildFile; fileRef = 230587041AB81D6C006A74A2 /* DMPasscode.bundle */; };
		230AB2E4182256C9009220AC /* UIDevice+Resolutions.m in Sources */ = {isa = PBXBuildFile; fileRef = 230AB2E3182256C9009220AC /* UIDevice+Resolutions.m */; };
		230BC7871811592A005FAC71 /* VisualStateManager.m in Sources */ = {isa = PBXBuildFile; fileRef = 230BC7861811592A005FAC71 /* VisualStateManager.m */; };
		231A77F2180EB95900658141 /* Foundation.framework in Frameworks */ = {isa = PBXBuildFile; fileRef = 231A77F1180EB95900658141 /* Foundation.framework */; };
		231A77F4180EB95900658141 /* CoreGraphics.framework in Frameworks */ = {isa = PBXBuildFile; fileRef = 231A77F3180EB95900658141 /* CoreGraphics.framework */; };
		231A77F6180EB95900658141 /* UIKit.framework in Frameworks */ = {isa = PBXBuildFile; fileRef = 231A77F5180EB95900658141 /* UIKit.framework */; };
		231A77FC180EB95900658141 /* InfoPlist.strings in Resources */ = {isa = PBXBuildFile; fileRef = 231A77FA180EB95900658141 /* InfoPlist.strings */; };
		231A77FE180EB95900658141 /* main.m in Sources */ = {isa = PBXBuildFile; fileRef = 231A77FD180EB95900658141 /* main.m */; };
		231A7802180EB95900658141 /* AppDelegate.m in Sources */ = {isa = PBXBuildFile; fileRef = 231A7801180EB95900658141 /* AppDelegate.m */; };
		231A7805180EB95900658141 /* Main.storyboard in Resources */ = {isa = PBXBuildFile; fileRef = 231A7803180EB95900658141 /* Main.storyboard */; };
		231A780A180EB95900658141 /* Images.xcassets in Resources */ = {isa = PBXBuildFile; fileRef = 231A7809180EB95900658141 /* Images.xcassets */; };
		231A7811180EB95900658141 /* XCTest.framework in Frameworks */ = {isa = PBXBuildFile; fileRef = 231A7810180EB95900658141 /* XCTest.framework */; };
		231A7812180EB95900658141 /* Foundation.framework in Frameworks */ = {isa = PBXBuildFile; fileRef = 231A77F1180EB95900658141 /* Foundation.framework */; };
		231A7813180EB95900658141 /* UIKit.framework in Frameworks */ = {isa = PBXBuildFile; fileRef = 231A77F5180EB95900658141 /* UIKit.framework */; };
		231A781B180EB95900658141 /* InfoPlist.strings in Resources */ = {isa = PBXBuildFile; fileRef = 231A7819180EB95900658141 /* InfoPlist.strings */; };
		231A781D180EB95900658141 /* DiDaTests.m in Sources */ = {isa = PBXBuildFile; fileRef = 231A781C180EB95900658141 /* DiDaTests.m */; };
		231A7827180EB9C000658141 /* Accelerate.framework in Frameworks */ = {isa = PBXBuildFile; fileRef = 231A7826180EB9C000658141 /* Accelerate.framework */; };
		231A7829180EB9CD00658141 /* QuartzCore.framework in Frameworks */ = {isa = PBXBuildFile; fileRef = 231A7828180EB9CD00658141 /* QuartzCore.framework */; };
		232C8E2D181CC7EF0019C1F5 /* CoreLocation.framework in Frameworks */ = {isa = PBXBuildFile; fileRef = 232C8E2C181CC7EF0019C1F5 /* CoreLocation.framework */; };
		232C8E42181F82BF0019C1F5 /* PlayTableViewCell.m in Sources */ = {isa = PBXBuildFile; fileRef = 232C8E41181F82BF0019C1F5 /* PlayTableViewCell.m */; };
		233104D6182083B5007323A6 /* MapKit.framework in Frameworks */ = {isa = PBXBuildFile; fileRef = 233104D5182083B5007323A6 /* MapKit.framework */; };
		233104D918208551007323A6 /* MapAnnotation.m in Sources */ = {isa = PBXBuildFile; fileRef = 233104D818208551007323A6 /* MapAnnotation.m */; };
		233104E118212102007323A6 /* AboutViewController.m in Sources */ = {isa = PBXBuildFile; fileRef = 233104E018212102007323A6 /* AboutViewController.m */; };
		23322ECB18216D8B00102E9C /* about.html in Resources */ = {isa = PBXBuildFile; fileRef = 23322ECA18216D8B00102E9C /* about.html */; };
		2335091D1818C82F00B72C8C /* Records.xcdatamodeld in Sources */ = {isa = PBXBuildFile; fileRef = 2335091B1818C82E00B72C8C /* Records.xcdatamodeld */; };
		233509261819974700B72C8C /* RecordTableViewCell.m in Sources */ = {isa = PBXBuildFile; fileRef = 233509251819974700B72C8C /* RecordTableViewCell.m */; };
		236E273C1830AD5200D9A4FE /* Record.m in Sources */ = {isa = PBXBuildFile; fileRef = 236E273B1830AD5200D9A4FE /* Record.m */; };
		236F25011820354500F04515 /* DetailViewController.m in Sources */ = {isa = PBXBuildFile; fileRef = 236F25001820354500F04515 /* DetailViewController.m */; };
		2371F2041AC521170097E4A2 /* Settings.bundle in Resources */ = {isa = PBXBuildFile; fileRef = 2371F2031AC521170097E4A2 /* Settings.bundle */; };
		2372FED31816B44500222034 /* CoreData.framework in Frameworks */ = {isa = PBXBuildFile; fileRef = 2372FED21816B44500222034 /* CoreData.framework */; };
		2374E36F18117DA4009A19A9 /* VoiceWaveView.m in Sources */ = {isa = PBXBuildFile; fileRef = 2374E36E18117DA4009A19A9 /* VoiceWaveView.m */; };
		238A293818111BF500CAA7AB /* CoreFoundation.framework in Frameworks */ = {isa = PBXBuildFile; fileRef = 238A293718111BF500CAA7AB /* CoreFoundation.framework */; };
		238A293A18111C0000CAA7AB /* AudioToolbox.framework in Frameworks */ = {isa = PBXBuildFile; fileRef = 238A293918111BFF00CAA7AB /* AudioToolbox.framework */; };
		238A293C18111C0800CAA7AB /* AVFoundation.framework in Frameworks */ = {isa = PBXBuildFile; fileRef = 238A293B18111C0800CAA7AB /* AVFoundation.framework */; };
		238A294518114E9E00CAA7AB /* CenterViewController.m in Sources */ = {isa = PBXBuildFile; fileRef = 238A294418114E9E00CAA7AB /* CenterViewController.m */; };
		238A294C18114EE600CAA7AB /* LeftViewController.m in Sources */ = {isa = PBXBuildFile; fileRef = 238A294B18114EE600CAA7AB /* LeftViewController.m */; };
		238A294F18114F0D00CAA7AB /* RightViewController.m in Sources */ = {isa = PBXBuildFile; fileRef = 238A294E18114F0D00CAA7AB /* RightViewController.m */; };
		238A29521811518E00CAA7AB /* NavigationController.m in Sources */ = {isa = PBXBuildFile; fileRef = 238A29511811518E00CAA7AB /* NavigationController.m */; };
		238C1E68181315EA0090AA6E /* FileSHA1Hash.c in Sources */ = {isa = PBXBuildFile; fileRef = 238C1E66181315EA0090AA6E /* FileSHA1Hash.c */; };
		23B7C73A1AB801D700FC74EB /* PasscodeViewController.m in Sources */ = {isa = PBXBuildFile; fileRef = 23B7C7391AB801D700FC74EB /* PasscodeViewController.m */; };
		23B7C7481AB81A3800FC74EB /* DMKeychain.m in Sources */ = {isa = PBXBuildFile; fileRef = 23B7C73D1AB81A3800FC74EB /* DMKeychain.m */; };
		23B7C7491AB81A3800FC74EB /* DMPasscode.m in Sources */ = {isa = PBXBuildFile; fileRef = 23B7C73F1AB81A3800FC74EB /* DMPasscode.m */; };
		23B7C74A1AB81A3800FC74EB /* DMPasscodeConfig.m in Sources */ = {isa = PBXBuildFile; fileRef = 23B7C7411AB81A3800FC74EB /* DMPasscodeConfig.m */; };
		23B7C74B1AB81A3800FC74EB /* DMPasscodeInternalField.m in Sources */ = {isa = PBXBuildFile; fileRef = 23B7C7431AB81A3800FC74EB /* DMPasscodeInternalField.m */; };
		23B7C74C1AB81A3800FC74EB /* DMPasscodeInternalNavigationController.m in Sources */ = {isa = PBXBuildFile; fileRef = 23B7C7451AB81A3800FC74EB /* DMPasscodeInternalNavigationController.m */; };
		23B7C74D1AB81A3800FC74EB /* DMPasscodeInternalViewController.m in Sources */ = {isa = PBXBuildFile; fileRef = 23B7C7471AB81A3800FC74EB /* DMPasscodeInternalViewController.m */; };
		8DB0F3A6E3D74BA7B612DAE1 /* libPods.a in Frameworks */ = {isa = PBXBuildFile; fileRef = E4CA09D346114E3EB82D8A38 /* libPods.a */; };
/* End PBXBuildFile section */

/* Begin PBXContainerItemProxy section */
		231A7814180EB95900658141 /* PBXContainerItemProxy */ = {
			isa = PBXContainerItemProxy;
			containerPortal = 231A77E6180EB95900658141 /* Project object */;
			proxyType = 1;
			remoteGlobalIDString = 231A77ED180EB95900658141;
			remoteInfo = DiDa;
		};
/* End PBXContainerItemProxy section */

/* Begin PBXFileReference section */
		230587041AB81D6C006A74A2 /* DMPasscode.bundle */ = {isa = PBXFileReference; lastKnownFileType = "wrapper.plug-in"; path = DMPasscode.bundle; sourceTree = "<group>"; };
		230AB2E2182256C9009220AC /* UIDevice+Resolutions.h */ = {isa = PBXFileReference; fileEncoding = 4; lastKnownFileType = sourcecode.c.h; path = "UIDevice+Resolutions.h"; sourceTree = "<group>"; };
		230AB2E3182256C9009220AC /* UIDevice+Resolutions.m */ = {isa = PBXFileReference; fileEncoding = 4; lastKnownFileType = sourcecode.c.objc; path = "UIDevice+Resolutions.m"; sourceTree = "<group>"; };
		230BC7851811592A005FAC71 /* VisualStateManager.h */ = {isa = PBXFileReference; fileEncoding = 4; lastKnownFileType = sourcecode.c.h; path = VisualStateManager.h; sourceTree = "<group>"; };
		230BC7861811592A005FAC71 /* VisualStateManager.m */ = {isa = PBXFileReference; fileEncoding = 4; lastKnownFileType = sourcecode.c.objc; path = VisualStateManager.m; sourceTree = "<group>"; };
		2314EDF61ABBF8F600AC9313 /* Records 3.xcdatamodel */ = {isa = PBXFileReference; lastKnownFileType = wrapper.xcdatamodel; path = "Records 3.xcdatamodel"; sourceTree = "<group>"; };
		231A77EE180EB95900658141 /* DiDa.app */ = {isa = PBXFileReference; explicitFileType = wrapper.application; includeInIndex = 0; path = DiDa.app; sourceTree = BUILT_PRODUCTS_DIR; };
		231A77F1180EB95900658141 /* Foundation.framework */ = {isa = PBXFileReference; lastKnownFileType = wrapper.framework; name = Foundation.framework; path = System/Library/Frameworks/Foundation.framework; sourceTree = SDKROOT; };
		231A77F3180EB95900658141 /* CoreGraphics.framework */ = {isa = PBXFileReference; lastKnownFileType = wrapper.framework; name = CoreGraphics.framework; path = System/Library/Frameworks/CoreGraphics.framework; sourceTree = SDKROOT; };
		231A77F5180EB95900658141 /* UIKit.framework */ = {isa = PBXFileReference; lastKnownFileType = wrapper.framework; name = UIKit.framework; path = System/Library/Frameworks/UIKit.framework; sourceTree = SDKROOT; };
		231A77F9180EB95900658141 /* DiDa-Info.plist */ = {isa = PBXFileReference; lastKnownFileType = text.plist.xml; path = "DiDa-Info.plist"; sourceTree = "<group>"; };
		231A77FB180EB95900658141 /* en */ = {isa = PBXFileReference; lastKnownFileType = text.plist.strings; name = en; path = en.lproj/InfoPlist.strings; sourceTree = "<group>"; };
		231A77FD180EB95900658141 /* main.m */ = {isa = PBXFileReference; lastKnownFileType = sourcecode.c.objc; path = main.m; sourceTree = "<group>"; };
		231A77FF180EB95900658141 /* DiDa-Prefix.pch */ = {isa = PBXFileReference; lastKnownFileType = sourcecode.c.h; path = "DiDa-Prefix.pch"; sourceTree = "<group>"; };
		231A7800180EB95900658141 /* AppDelegate.h */ = {isa = PBXFileReference; lastKnownFileType = sourcecode.c.h; path = AppDelegate.h; sourceTree = "<group>"; };
		231A7801180EB95900658141 /* AppDelegate.m */ = {isa = PBXFileReference; lastKnownFileType = sourcecode.c.objc; path = AppDelegate.m; sourceTree = "<group>"; };
		231A7804180EB95900658141 /* Base */ = {isa = PBXFileReference; lastKnownFileType = file.storyboard; name = Base; path = Base.lproj/Main.storyboard; sourceTree = "<group>"; };
		231A7809180EB95900658141 /* Images.xcassets */ = {isa = PBXFileReference; lastKnownFileType = folder.assetcatalog; name = Images.xcassets; path = Images/Images.xcassets; sourceTree = "<group>"; };
		231A780F180EB95900658141 /* DiDaTests.xctest */ = {isa = PBXFileReference; explicitFileType = wrapper.cfbundle; includeInIndex = 0; path = DiDaTests.xctest; sourceTree = BUILT_PRODUCTS_DIR; };
		231A7810180EB95900658141 /* XCTest.framework */ = {isa = PBXFileReference; lastKnownFileType = wrapper.framework; name = XCTest.framework; path = Library/Frameworks/XCTest.framework; sourceTree = DEVELOPER_DIR; };
		231A7818180EB95900658141 /* DiDaTests-Info.plist */ = {isa = PBXFileReference; lastKnownFileType = text.plist.xml; path = "DiDaTests-Info.plist"; sourceTree = "<group>"; };
		231A781A180EB95900658141 /* en */ = {isa = PBXFileReference; lastKnownFileType = text.plist.strings; name = en; path = en.lproj/InfoPlist.strings; sourceTree = "<group>"; };
		231A781C180EB95900658141 /* DiDaTests.m */ = {isa = PBXFileReference; lastKnownFileType = sourcecode.c.objc; path = DiDaTests.m; sourceTree = "<group>"; };
		231A7826180EB9C000658141 /* Accelerate.framework */ = {isa = PBXFileReference; lastKnownFileType = wrapper.framework; name = Accelerate.framework; path = System/Library/Frameworks/Accelerate.framework; sourceTree = SDKROOT; };
		231A7828180EB9CD00658141 /* QuartzCore.framework */ = {isa = PBXFileReference; lastKnownFileType = wrapper.framework; name = QuartzCore.framework; path = System/Library/Frameworks/QuartzCore.framework; sourceTree = SDKROOT; };
		231A784E180EFD1700658141 /* zh-Hans */ = {isa = PBXFileReference; lastKnownFileType = text.plist.strings; name = "zh-Hans"; path = "zh-Hans.lproj/Main.strings"; sourceTree = "<group>"; };
		231A784F180EFD1700658141 /* zh-Hans */ = {isa = PBXFileReference; lastKnownFileType = text.plist.strings; name = "zh-Hans"; path = "zh-Hans.lproj/InfoPlist.strings"; sourceTree = "<group>"; };
		231A7850180EFD1700658141 /* zh-Hans */ = {isa = PBXFileReference; lastKnownFileType = text.plist.strings; name = "zh-Hans"; path = "zh-Hans.lproj/InfoPlist.strings"; sourceTree = "<group>"; };
		231A7852180EFE1B00658141 /* en */ = {isa = PBXFileReference; lastKnownFileType = text.plist.strings; name = en; path = en.lproj/Main.strings; sourceTree = "<group>"; };
		232C8E2C181CC7EF0019C1F5 /* CoreLocation.framework */ = {isa = PBXFileReference; lastKnownFileType = wrapper.framework; name = CoreLocation.framework; path = System/Library/Frameworks/CoreLocation.framework; sourceTree = SDKROOT; };
		232C8E40181F82BF0019C1F5 /* PlayTableViewCell.h */ = {isa = PBXFileReference; fileEncoding = 4; lastKnownFileType = sourcecode.c.h; path = PlayTableViewCell.h; sourceTree = "<group>"; };
		232C8E41181F82BF0019C1F5 /* PlayTableViewCell.m */ = {isa = PBXFileReference; fileEncoding = 4; lastKnownFileType = sourcecode.c.objc; path = PlayTableViewCell.m; sourceTree = "<group>"; };
		233104D5182083B5007323A6 /* MapKit.framework */ = {isa = PBXFileReference; lastKnownFileType = wrapper.framework; name = MapKit.framework; path = System/Library/Frameworks/MapKit.framework; sourceTree = SDKROOT; };
		233104D718208551007323A6 /* MapAnnotation.h */ = {isa = PBXFileReference; fileEncoding = 4; lastKnownFileType = sourcecode.c.h; path = MapAnnotation.h; sourceTree = "<group>"; };
		233104D818208551007323A6 /* MapAnnotation.m */ = {isa = PBXFileReference; fileEncoding = 4; lastKnownFileType = sourcecode.c.objc; path = MapAnnotation.m; sourceTree = "<group>"; };
		233104DA1820A070007323A6 /* TouchActionsDelegate.h */ = {isa = PBXFileReference; lastKnownFileType = sourcecode.c.h; path = TouchActionsDelegate.h; sourceTree = "<group>"; };
		233104DF18212102007323A6 /* AboutViewController.h */ = {isa = PBXFileReference; fileEncoding = 4; lastKnownFileType = sourcecode.c.h; path = AboutViewController.h; sourceTree = "<group>"; };
		233104E018212102007323A6 /* AboutViewController.m */ = {isa = PBXFileReference; fileEncoding = 4; lastKnownFileType = sourcecode.c.objc; path = AboutViewController.m; sourceTree = "<group>"; };
		23322ECA18216D8B00102E9C /* about.html */ = {isa = PBXFileReference; fileEncoding = 4; lastKnownFileType = text.html; path = about.html; sourceTree = "<group>"; };
		2335091C1818C82E00B72C8C /* Records.xcdatamodel */ = {isa = PBXFileReference; lastKnownFileType = wrapper.xcdatamodel; path = Records.xcdatamodel; sourceTree = "<group>"; };
		233509241819974700B72C8C /* RecordTableViewCell.h */ = {isa = PBXFileReference; fileEncoding = 4; lastKnownFileType = sourcecode.c.h; path = RecordTableViewCell.h; sourceTree = "<group>"; };
		233509251819974700B72C8C /* RecordTableViewCell.m */ = {isa = PBXFileReference; fileEncoding = 4; lastKnownFileType = sourcecode.c.objc; path = RecordTableViewCell.m; sourceTree = "<group>"; };
		235863F91822651A00D3E16F /* DiDa.entitlements */ = {isa = PBXFileReference; lastKnownFileType = text.xml; path = DiDa.entitlements; sourceTree = "<group>"; };
		236E273A1830AD5200D9A4FE /* Record.h */ = {isa = PBXFileReference; fileEncoding = 4; lastKnownFileType = sourcecode.c.h; path = Record.h; sourceTree = "<group>"; };
		236E273B1830AD5200D9A4FE /* Record.m */ = {isa = PBXFileReference; fileEncoding = 4; lastKnownFileType = sourcecode.c.objc; path = Record.m; sourceTree = "<group>"; };
		236F24FF1820354500F04515 /* DetailViewController.h */ = {isa = PBXFileReference; fileEncoding = 4; lastKnownFileType = sourcecode.c.h; path = DetailViewController.h; sourceTree = "<group>"; };
		236F25001820354500F04515 /* DetailViewController.m */ = {isa = PBXFileReference; fileEncoding = 4; lastKnownFileType = sourcecode.c.objc; path = DetailViewController.m; sourceTree = "<group>"; };
		2371F2031AC521170097E4A2 /* Settings.bundle */ = {isa = PBXFileReference; lastKnownFileType = "wrapper.plug-in"; path = Settings.bundle; sourceTree = "<group>"; };
		2372FED21816B44500222034 /* CoreData.framework */ = {isa = PBXFileReference; lastKnownFileType = wrapper.framework; name = CoreData.framework; path = System/Library/Frameworks/CoreData.framework; sourceTree = SDKROOT; };
		2374E36D18117DA4009A19A9 /* VoiceWaveView.h */ = {isa = PBXFileReference; fileEncoding = 4; lastKnownFileType = sourcecode.c.h; path = VoiceWaveView.h; sourceTree = "<group>"; };
		2374E36E18117DA4009A19A9 /* VoiceWaveView.m */ = {isa = PBXFileReference; fileEncoding = 4; lastKnownFileType = sourcecode.c.objc; path = VoiceWaveView.m; sourceTree = "<group>"; };
		238A293718111BF500CAA7AB /* CoreFoundation.framework */ = {isa = PBXFileReference; lastKnownFileType = wrapper.framework; name = CoreFoundation.framework; path = System/Library/Frameworks/CoreFoundation.framework; sourceTree = SDKROOT; };
		238A293918111BFF00CAA7AB /* AudioToolbox.framework */ = {isa = PBXFileReference; lastKnownFileType = wrapper.framework; name = AudioToolbox.framework; path = System/Library/Frameworks/AudioToolbox.framework; sourceTree = SDKROOT; };
		238A293B18111C0800CAA7AB /* AVFoundation.framework */ = {isa = PBXFileReference; lastKnownFileType = wrapper.framework; name = AVFoundation.framework; path = System/Library/Frameworks/AVFoundation.framework; sourceTree = SDKROOT; };
		238A294318114E9E00CAA7AB /* CenterViewController.h */ = {isa = PBXFileReference; fileEncoding = 4; lastKnownFileType = sourcecode.c.h; path = CenterViewController.h; sourceTree = "<group>"; };
		238A294418114E9E00CAA7AB /* CenterViewController.m */ = {isa = PBXFileReference; fileEncoding = 4; lastKnownFileType = sourcecode.c.objc; path = CenterViewController.m; sourceTree = "<group>"; };
		238A294A18114EE600CAA7AB /* LeftViewController.h */ = {isa = PBXFileReference; fileEncoding = 4; lastKnownFileType = sourcecode.c.h; path = LeftViewController.h; sourceTree = "<group>"; };
		238A294B18114EE600CAA7AB /* LeftViewController.m */ = {isa = PBXFileReference; fileEncoding = 4; lastKnownFileType = sourcecode.c.objc; path = LeftViewController.m; sourceTree = "<group>"; };
		238A294D18114F0D00CAA7AB /* RightViewController.h */ = {isa = PBXFileReference; fileEncoding = 4; lastKnownFileType = sourcecode.c.h; path = RightViewController.h; sourceTree = "<group>"; };
		238A294E18114F0D00CAA7AB /* RightViewController.m */ = {isa = PBXFileReference; fileEncoding = 4; lastKnownFileType = sourcecode.c.objc; path = RightViewController.m; sourceTree = "<group>"; };
		238A29501811518E00CAA7AB /* NavigationController.h */ = {isa = PBXFileReference; fileEncoding = 4; lastKnownFileType = sourcecode.c.h; path = NavigationController.h; sourceTree = "<group>"; };
		238A29511811518E00CAA7AB /* NavigationController.m */ = {isa = PBXFileReference; fileEncoding = 4; lastKnownFileType = sourcecode.c.objc; path = NavigationController.m; sourceTree = "<group>"; };
		238C1E66181315EA0090AA6E /* FileSHA1Hash.c */ = {isa = PBXFileReference; fileEncoding = 4; lastKnownFileType = sourcecode.c.c; path = FileSHA1Hash.c; sourceTree = "<group>"; };
		238C1E67181315EA0090AA6E /* FileSHA1Hash.h */ = {isa = PBXFileReference; fileEncoding = 4; lastKnownFileType = sourcecode.c.h; path = FileSHA1Hash.h; sourceTree = "<group>"; };
		23A8B03C182CB9A8005CE658 /* Records 2.xcdatamodel */ = {isa = PBXFileReference; lastKnownFileType = wrapper.xcdatamodel; path = "Records 2.xcdatamodel"; sourceTree = "<group>"; };
		23B7C7381AB801D700FC74EB /* PasscodeViewController.h */ = {isa = PBXFileReference; fileEncoding = 4; lastKnownFileType = sourcecode.c.h; path = PasscodeViewController.h; sourceTree = "<group>"; };
		23B7C7391AB801D700FC74EB /* PasscodeViewController.m */ = {isa = PBXFileReference; fileEncoding = 4; lastKnownFileType = sourcecode.c.objc; path = PasscodeViewController.m; sourceTree = "<group>"; };
		23B7C73C1AB81A3800FC74EB /* DMKeychain.h */ = {isa = PBXFileReference; fileEncoding = 4; lastKnownFileType = sourcecode.c.h; path = DMKeychain.h; sourceTree = "<group>"; };
		23B7C73D1AB81A3800FC74EB /* DMKeychain.m */ = {isa = PBXFileReference; fileEncoding = 4; lastKnownFileType = sourcecode.c.objc; path = DMKeychain.m; sourceTree = "<group>"; };
		23B7C73E1AB81A3800FC74EB /* DMPasscode.h */ = {isa = PBXFileReference; fileEncoding = 4; lastKnownFileType = sourcecode.c.h; path = DMPasscode.h; sourceTree = "<group>"; };
		23B7C73F1AB81A3800FC74EB /* DMPasscode.m */ = {isa = PBXFileReference; fileEncoding = 4; lastKnownFileType = sourcecode.c.objc; path = DMPasscode.m; sourceTree = "<group>"; };
		23B7C7401AB81A3800FC74EB /* DMPasscodeConfig.h */ = {isa = PBXFileReference; fileEncoding = 4; lastKnownFileType = sourcecode.c.h; path = DMPasscodeConfig.h; sourceTree = "<group>"; };
		23B7C7411AB81A3800FC74EB /* DMPasscodeConfig.m */ = {isa = PBXFileReference; fileEncoding = 4; lastKnownFileType = sourcecode.c.objc; path = DMPasscodeConfig.m; sourceTree = "<group>"; };
		23B7C7421AB81A3800FC74EB /* DMPasscodeInternalField.h */ = {isa = PBXFileReference; fileEncoding = 4; lastKnownFileType = sourcecode.c.h; path = DMPasscodeInternalField.h; sourceTree = "<group>"; };
		23B7C7431AB81A3800FC74EB /* DMPasscodeInternalField.m */ = {isa = PBXFileReference; fileEncoding = 4; lastKnownFileType = sourcecode.c.objc; path = DMPasscodeInternalField.m; sourceTree = "<group>"; };
		23B7C7441AB81A3800FC74EB /* DMPasscodeInternalNavigationController.h */ = {isa = PBXFileReference; fileEncoding = 4; lastKnownFileType = sourcecode.c.h; path = DMPasscodeInternalNavigationController.h; sourceTree = "<group>"; };
		23B7C7451AB81A3800FC74EB /* DMPasscodeInternalNavigationController.m */ = {isa = PBXFileReference; fileEncoding = 4; lastKnownFileType = sourcecode.c.objc; path = DMPasscodeInternalNavigationController.m; sourceTree = "<group>"; };
		23B7C7461AB81A3800FC74EB /* DMPasscodeInternalViewController.h */ = {isa = PBXFileReference; fileEncoding = 4; lastKnownFileType = sourcecode.c.h; path = DMPasscodeInternalViewController.h; sourceTree = "<group>"; };
		23B7C7471AB81A3800FC74EB /* DMPasscodeInternalViewController.m */ = {isa = PBXFileReference; fileEncoding = 4; lastKnownFileType = sourcecode.c.objc; path = DMPasscodeInternalViewController.m; sourceTree = "<group>"; };
		23C01EB51ACA38F3005363DD /* Records 4.xcdatamodel */ = {isa = PBXFileReference; lastKnownFileType = wrapper.xcdatamodel; path = "Records 4.xcdatamodel"; sourceTree = "<group>"; };
		AD37A5B7848EC5C718B522E5 /* Pods.debug.xcconfig */ = {isa = PBXFileReference; includeInIndex = 1; lastKnownFileType = text.xcconfig; name = Pods.debug.xcconfig; path = "Pods/Target Support Files/Pods/Pods.debug.xcconfig"; sourceTree = "<group>"; };
		B8B941B6A55E8388E62DF87B /* Pods.release.xcconfig */ = {isa = PBXFileReference; includeInIndex = 1; lastKnownFileType = text.xcconfig; name = Pods.release.xcconfig; path = "Pods/Target Support Files/Pods/Pods.release.xcconfig"; sourceTree = "<group>"; };
		E4CA09D346114E3EB82D8A38 /* libPods.a */ = {isa = PBXFileReference; explicitFileType = archive.ar; includeInIndex = 0; path = libPods.a; sourceTree = BUILT_PRODUCTS_DIR; };
/* End PBXFileReference section */

/* Begin PBXFrameworksBuildPhase section */
		231A77EB180EB95900658141 /* Frameworks */ = {
			isa = PBXFrameworksBuildPhase;
			buildActionMask = 2147483647;
			files = (
				233104D6182083B5007323A6 /* MapKit.framework in Frameworks */,
				232C8E2D181CC7EF0019C1F5 /* CoreLocation.framework in Frameworks */,
				2372FED31816B44500222034 /* CoreData.framework in Frameworks */,
				238A293C18111C0800CAA7AB /* AVFoundation.framework in Frameworks */,
				238A293A18111C0000CAA7AB /* AudioToolbox.framework in Frameworks */,
				238A293818111BF500CAA7AB /* CoreFoundation.framework in Frameworks */,
				231A7829180EB9CD00658141 /* QuartzCore.framework in Frameworks */,
				231A7827180EB9C000658141 /* Accelerate.framework in Frameworks */,
				231A77F4180EB95900658141 /* CoreGraphics.framework in Frameworks */,
				231A77F6180EB95900658141 /* UIKit.framework in Frameworks */,
				231A77F2180EB95900658141 /* Foundation.framework in Frameworks */,
				8DB0F3A6E3D74BA7B612DAE1 /* libPods.a in Frameworks */,
			);
			runOnlyForDeploymentPostprocessing = 0;
		};
		231A780C180EB95900658141 /* Frameworks */ = {
			isa = PBXFrameworksBuildPhase;
			buildActionMask = 2147483647;
			files = (
				231A7811180EB95900658141 /* XCTest.framework in Frameworks */,
				231A7813180EB95900658141 /* UIKit.framework in Frameworks */,
				231A7812180EB95900658141 /* Foundation.framework in Frameworks */,
			);
			runOnlyForDeploymentPostprocessing = 0;
		};
/* End PBXFrameworksBuildPhase section */

/* Begin PBXGroup section */
		231A77E5180EB95900658141 = {
			isa = PBXGroup;
			children = (
				231A77F7180EB95900658141 /* DiDa */,
				231A7816180EB95900658141 /* DiDaTests */,
				231A77F0180EB95900658141 /* Frameworks */,
				231A77EF180EB95900658141 /* Products */,
				BD817D636FA98D7C1E75DAD5 /* Pods */,
			);
			sourceTree = "<group>";
		};
		231A77EF180EB95900658141 /* Products */ = {
			isa = PBXGroup;
			children = (
				231A77EE180EB95900658141 /* DiDa.app */,
				231A780F180EB95900658141 /* DiDaTests.xctest */,
			);
			name = Products;
			sourceTree = "<group>";
		};
		231A77F0180EB95900658141 /* Frameworks */ = {
			isa = PBXGroup;
			children = (
				233104D5182083B5007323A6 /* MapKit.framework */,
				232C8E2C181CC7EF0019C1F5 /* CoreLocation.framework */,
				2372FED21816B44500222034 /* CoreData.framework */,
				238A293B18111C0800CAA7AB /* AVFoundation.framework */,
				238A293918111BFF00CAA7AB /* AudioToolbox.framework */,
				238A293718111BF500CAA7AB /* CoreFoundation.framework */,
				231A7828180EB9CD00658141 /* QuartzCore.framework */,
				231A7826180EB9C000658141 /* Accelerate.framework */,
				231A77F1180EB95900658141 /* Foundation.framework */,
				231A77F3180EB95900658141 /* CoreGraphics.framework */,
				231A77F5180EB95900658141 /* UIKit.framework */,
				231A7810180EB95900658141 /* XCTest.framework */,
				E4CA09D346114E3EB82D8A38 /* libPods.a */,
			);
			name = Frameworks;
			sourceTree = "<group>";
		};
		231A77F7180EB95900658141 /* DiDa */ = {
			isa = PBXGroup;
			children = (
				235863F91822651A00D3E16F /* DiDa.entitlements */,
				23B7C73B1AB81A3800FC74EB /* DMPasscode */,
				238C1E65181315EA0090AA6E /* Common */,
				231A784B180EFB2500658141 /* Model */,
				231A784C180EFB4C00658141 /* Classes */,
				231A784D180EFB7B00658141 /* Resources */,
				231A7809180EB95900658141 /* Images.xcassets */,
				231A77F8180EB95900658141 /* Supporting Files */,
			);
			path = DiDa;
			sourceTree = "<group>";
		};
		231A77F8180EB95900658141 /* Supporting Files */ = {
			isa = PBXGroup;
			children = (
				231A77F9180EB95900658141 /* DiDa-Info.plist */,
				231A77FA180EB95900658141 /* InfoPlist.strings */,
				231A77FD180EB95900658141 /* main.m */,
				231A77FF180EB95900658141 /* DiDa-Prefix.pch */,
				2371F2031AC521170097E4A2 /* Settings.bundle */,
			);
			name = "Supporting Files";
			sourceTree = "<group>";
		};
		231A7816180EB95900658141 /* DiDaTests */ = {
			isa = PBXGroup;
			children = (
				231A781C180EB95900658141 /* DiDaTests.m */,
				231A7817180EB95900658141 /* Supporting Files */,
			);
			path = DiDaTests;
			sourceTree = "<group>";
		};
		231A7817180EB95900658141 /* Supporting Files */ = {
			isa = PBXGroup;
			children = (
				231A7818180EB95900658141 /* DiDaTests-Info.plist */,
				231A7819180EB95900658141 /* InfoPlist.strings */,
			);
			name = "Supporting Files";
			sourceTree = "<group>";
		};
		231A784B180EFB2500658141 /* Model */ = {
			isa = PBXGroup;
			children = (
				236E273A1830AD5200D9A4FE /* Record.h */,
				236E273B1830AD5200D9A4FE /* Record.m */,
				2335091B1818C82E00B72C8C /* Records.xcdatamodeld */,
			);
			name = Model;
			sourceTree = "<group>";
		};
		231A784C180EFB4C00658141 /* Classes */ = {
			isa = PBXGroup;
			children = (
				231A7800180EB95900658141 /* AppDelegate.h */,
				231A7801180EB95900658141 /* AppDelegate.m */,
				230AB2E2182256C9009220AC /* UIDevice+Resolutions.h */,
				230AB2E3182256C9009220AC /* UIDevice+Resolutions.m */,
				233104DF18212102007323A6 /* AboutViewController.h */,
				233104E018212102007323A6 /* AboutViewController.m */,
				23B7C7381AB801D700FC74EB /* PasscodeViewController.h */,
				23B7C7391AB801D700FC74EB /* PasscodeViewController.m */,
				230BC7851811592A005FAC71 /* VisualStateManager.h */,
				230BC7861811592A005FAC71 /* VisualStateManager.m */,
				238A29501811518E00CAA7AB /* NavigationController.h */,
				238A29511811518E00CAA7AB /* NavigationController.m */,
				233104DA1820A070007323A6 /* TouchActionsDelegate.h */,
				233509241819974700B72C8C /* RecordTableViewCell.h */,
				233509251819974700B72C8C /* RecordTableViewCell.m */,
				232C8E40181F82BF0019C1F5 /* PlayTableViewCell.h */,
				232C8E41181F82BF0019C1F5 /* PlayTableViewCell.m */,
				233104D718208551007323A6 /* MapAnnotation.h */,
				233104D818208551007323A6 /* MapAnnotation.m */,
				236F24FF1820354500F04515 /* DetailViewController.h */,
				236F25001820354500F04515 /* DetailViewController.m */,
				238A294A18114EE600CAA7AB /* LeftViewController.h */,
				238A294B18114EE600CAA7AB /* LeftViewController.m */,
				238A294318114E9E00CAA7AB /* CenterViewController.h */,
				238A294418114E9E00CAA7AB /* CenterViewController.m */,
				238A294D18114F0D00CAA7AB /* RightViewController.h */,
				238A294E18114F0D00CAA7AB /* RightViewController.m */,
				2374E36D18117DA4009A19A9 /* VoiceWaveView.h */,
				2374E36E18117DA4009A19A9 /* VoiceWaveView.m */,
			);
			name = Classes;
			sourceTree = "<group>";
		};
		231A784D180EFB7B00658141 /* Resources */ = {
			isa = PBXGroup;
			children = (
				23322ECA18216D8B00102E9C /* about.html */,
				231A7803180EB95900658141 /* Main.storyboard */,
			);
			name = Resources;
			sourceTree = "<group>";
		};
		238C1E65181315EA0090AA6E /* Common */ = {
			isa = PBXGroup;
			children = (
				238C1E66181315EA0090AA6E /* FileSHA1Hash.c */,
				238C1E67181315EA0090AA6E /* FileSHA1Hash.h */,
			);
			path = Common;
			sourceTree = "<group>";
		};
		23B7C73B1AB81A3800FC74EB /* DMPasscode */ = {
			isa = PBXGroup;
			children = (
				230587041AB81D6C006A74A2 /* DMPasscode.bundle */,
				23B7C73C1AB81A3800FC74EB /* DMKeychain.h */,
				23B7C73D1AB81A3800FC74EB /* DMKeychain.m */,
				23B7C73E1AB81A3800FC74EB /* DMPasscode.h */,
				23B7C73F1AB81A3800FC74EB /* DMPasscode.m */,
				23B7C7401AB81A3800FC74EB /* DMPasscodeConfig.h */,
				23B7C7411AB81A3800FC74EB /* DMPasscodeConfig.m */,
				23B7C7421AB81A3800FC74EB /* DMPasscodeInternalField.h */,
				23B7C7431AB81A3800FC74EB /* DMPasscodeInternalField.m */,
				23B7C7441AB81A3800FC74EB /* DMPasscodeInternalNavigationController.h */,
				23B7C7451AB81A3800FC74EB /* DMPasscodeInternalNavigationController.m */,
				23B7C7461AB81A3800FC74EB /* DMPasscodeInternalViewController.h */,
				23B7C7471AB81A3800FC74EB /* DMPasscodeInternalViewController.m */,
			);
			path = DMPasscode;
			sourceTree = "<group>";
		};
		BD817D636FA98D7C1E75DAD5 /* Pods */ = {
			isa = PBXGroup;
			children = (
				AD37A5B7848EC5C718B522E5 /* Pods.debug.xcconfig */,
				B8B941B6A55E8388E62DF87B /* Pods.release.xcconfig */,
			);
			name = Pods;
			sourceTree = "<group>";
		};
/* End PBXGroup section */

/* Begin PBXNativeTarget section */
		231A77ED180EB95900658141 /* DiDa */ = {
			isa = PBXNativeTarget;
			buildConfigurationList = 231A7820180EB95900658141 /* Build configuration list for PBXNativeTarget "DiDa" */;
			buildPhases = (
				2857822A136E46FD8D2DA61D /* Check Pods Manifest.lock */,
				231A77EA180EB95900658141 /* Sources */,
				231A77EB180EB95900658141 /* Frameworks */,
				231A77EC180EB95900658141 /* Resources */,
				C4577CCCC9DA476FAD138C61 /* Copy Pods Resources */,
				23E6ECFE19A5D60A004112AA /* ShellScript */,
			);
			buildRules = (
			);
			dependencies = (
			);
			name = DiDa;
			productName = DiDa;
			productReference = 231A77EE180EB95900658141 /* DiDa.app */;
			productType = "com.apple.product-type.application";
		};
		231A780E180EB95900658141 /* DiDaTests */ = {
			isa = PBXNativeTarget;
			buildConfigurationList = 231A7823180EB95900658141 /* Build configuration list for PBXNativeTarget "DiDaTests" */;
			buildPhases = (
				231A780B180EB95900658141 /* Sources */,
				231A780C180EB95900658141 /* Frameworks */,
				231A780D180EB95900658141 /* Resources */,
			);
			buildRules = (
			);
			dependencies = (
				231A7815180EB95900658141 /* PBXTargetDependency */,
			);
			name = DiDaTests;
			productName = DiDaTests;
			productReference = 231A780F180EB95900658141 /* DiDaTests.xctest */;
			productType = "com.apple.product-type.bundle.unit-test";
		};
/* End PBXNativeTarget section */

/* Begin PBXProject section */
		231A77E6180EB95900658141 /* Project object */ = {
			isa = PBXProject;
			attributes = {
				LastUpgradeCheck = 0510;
				ORGANIZATIONNAME = "Bruce Yee";
				TargetAttributes = {
					231A77ED180EB95900658141 = {
						DevelopmentTeam = HKLRWJ6R2V;
					};
					231A780E180EB95900658141 = {
						DevelopmentTeam = HKLRWJ6R2V;
						TestTargetID = 231A77ED180EB95900658141;
					};
				};
			};
			buildConfigurationList = 231A77E9180EB95900658141 /* Build configuration list for PBXProject "DiDa" */;
			compatibilityVersion = "Xcode 3.2";
			developmentRegion = English;
			hasScannedForEncodings = 0;
			knownRegions = (
				en,
				Base,
				"zh-Hans",
			);
			mainGroup = 231A77E5180EB95900658141;
			productRefGroup = 231A77EF180EB95900658141 /* Products */;
			projectDirPath = "";
			projectRoot = "";
			targets = (
				231A77ED180EB95900658141 /* DiDa */,
				231A780E180EB95900658141 /* DiDaTests */,
			);
		};
/* End PBXProject section */

/* Begin PBXResourcesBuildPhase section */
		231A77EC180EB95900658141 /* Resources */ = {
			isa = PBXResourcesBuildPhase;
			buildActionMask = 2147483647;
			files = (
				230587051AB81D6C006A74A2 /* DMPasscode.bundle in Resources */,
				231A780A180EB95900658141 /* Images.xcassets in Resources */,
				23322ECB18216D8B00102E9C /* about.html in Resources */,
				231A77FC180EB95900658141 /* InfoPlist.strings in Resources */,
				2371F2041AC521170097E4A2 /* Settings.bundle in Resources */,
				231A7805180EB95900658141 /* Main.storyboard in Resources */,
			);
			runOnlyForDeploymentPostprocessing = 0;
		};
		231A780D180EB95900658141 /* Resources */ = {
			isa = PBXResourcesBuildPhase;
			buildActionMask = 2147483647;
			files = (
				231A781B180EB95900658141 /* InfoPlist.strings in Resources */,
			);
			runOnlyForDeploymentPostprocessing = 0;
		};
/* End PBXResourcesBuildPhase section */

/* Begin PBXShellScriptBuildPhase section */
		23E6ECFE19A5D60A004112AA /* ShellScript */ = {
			isa = PBXShellScriptBuildPhase;
			buildActionMask = 12;
			files = (
			);
			inputPaths = (
			);
			outputPaths = (
			);
			runOnlyForDeploymentPostprocessing = 0;
			shellPath = /bin/bash;
			shellScript = "#!/bin/bash\nbuildNumber=$(/usr/libexec/PlistBuddy -c \"Print CFBundleVersion\" \"$INFOPLIST_FILE\")\nbuildNumber=$(($buildNumber + 1))\n/usr/libexec/PlistBuddy -c \"Set :CFBundleVersion $buildNumber\" \"$INFOPLIST_FILE\"\nSETTINGSPLIST_FILE=\"${SRCROOT}/DiDa/Settings.bundle/Root.plist\"\nversionNumber=$(/usr/libexec/PlistBuddy -c \"Print CFBundleShortVersionString\" \"$INFOPLIST_FILE\")\nversionString=\"${versionNumber} (${buildNumber})\"\n/usr/libexec/PlistBuddy -c \"Set ::PreferenceSpecifiers:1:DefaultValue $versionString\" \"$SETTINGSPLIST_FILE\"";
		};
		2857822A136E46FD8D2DA61D /* Check Pods Manifest.lock */ = {
			isa = PBXShellScriptBuildPhase;
			buildActionMask = 2147483647;
			files = (
			);
			inputPaths = (
			);
			name = "Check Pods Manifest.lock";
			outputPaths = (
			);
			runOnlyForDeploymentPostprocessing = 0;
			shellPath = /bin/sh;
			shellScript = "diff \"${PODS_ROOT}/../Podfile.lock\" \"${PODS_ROOT}/Manifest.lock\" > /dev/null\nif [[ $? != 0 ]] ; then\n    cat << EOM\nerror: The sandbox is not in sync with the Podfile.lock. Run 'pod install' or update your CocoaPods installation.\nEOM\n    exit 1\nfi\n";
			showEnvVarsInLog = 0;
		};
		C4577CCCC9DA476FAD138C61 /* Copy Pods Resources */ = {
			isa = PBXShellScriptBuildPhase;
			buildActionMask = 2147483647;
			files = (
			);
			inputPaths = (
			);
			name = "Copy Pods Resources";
			outputPaths = (
			);
			runOnlyForDeploymentPostprocessing = 0;
			shellPath = /bin/sh;
			shellScript = "\"${SRCROOT}/Pods/Target Support Files/Pods/Pods-resources.sh\"\n";
			showEnvVarsInLog = 0;
		};
/* End PBXShellScriptBuildPhase section */

/* Begin PBXSourcesBuildPhase section */
		231A77EA180EB95900658141 /* Sources */ = {
			isa = PBXSourcesBuildPhase;
			buildActionMask = 2147483647;
			files = (
				23B7C74C1AB81A3800FC74EB /* DMPasscodeInternalNavigationController.m in Sources */,
				23B7C7481AB81A3800FC74EB /* DMKeychain.m in Sources */,
				231A7802180EB95900658141 /* AppDelegate.m in Sources */,
				2374E36F18117DA4009A19A9 /* VoiceWaveView.m in Sources */,
				23B7C74A1AB81A3800FC74EB /* DMPasscodeConfig.m in Sources */,
				232C8E42181F82BF0019C1F5 /* PlayTableViewCell.m in Sources */,
				2335091D1818C82F00B72C8C /* Records.xcdatamodeld in Sources */,
				23B7C73A1AB801D700FC74EB /* PasscodeViewController.m in Sources */,
				230BC7871811592A005FAC71 /* VisualStateManager.m in Sources */,
				238A294C18114EE600CAA7AB /* LeftViewController.m in Sources */,
				238A294F18114F0D00CAA7AB /* RightViewController.m in Sources */,
				23B7C74B1AB81A3800FC74EB /* DMPasscodeInternalField.m in Sources */,
				238A29521811518E00CAA7AB /* NavigationController.m in Sources */,
				23B7C7491AB81A3800FC74EB /* DMPasscode.m in Sources */,
				231A77FE180EB95900658141 /* main.m in Sources */,
				233509261819974700B72C8C /* RecordTableViewCell.m in Sources */,
				236E273C1830AD5200D9A4FE /* Record.m in Sources */,
				233104E118212102007323A6 /* AboutViewController.m in Sources */,
				238A294518114E9E00CAA7AB /* CenterViewController.m in Sources */,
				238C1E68181315EA0090AA6E /* FileSHA1Hash.c in Sources */,
				23B7C74D1AB81A3800FC74EB /* DMPasscodeInternalViewController.m in Sources */,
				236F25011820354500F04515 /* DetailViewController.m in Sources */,
				230AB2E4182256C9009220AC /* UIDevice+Resolutions.m in Sources */,
				233104D918208551007323A6 /* MapAnnotation.m in Sources */,
			);
			runOnlyForDeploymentPostprocessing = 0;
		};
		231A780B180EB95900658141 /* Sources */ = {
			isa = PBXSourcesBuildPhase;
			buildActionMask = 2147483647;
			files = (
				231A781D180EB95900658141 /* DiDaTests.m in Sources */,
			);
			runOnlyForDeploymentPostprocessing = 0;
		};
/* End PBXSourcesBuildPhase section */

/* Begin PBXTargetDependency section */
		231A7815180EB95900658141 /* PBXTargetDependency */ = {
			isa = PBXTargetDependency;
			target = 231A77ED180EB95900658141 /* DiDa */;
			targetProxy = 231A7814180EB95900658141 /* PBXContainerItemProxy */;
		};
/* End PBXTargetDependency section */

/* Begin PBXVariantGroup section */
		231A77FA180EB95900658141 /* InfoPlist.strings */ = {
			isa = PBXVariantGroup;
			children = (
				231A77FB180EB95900658141 /* en */,
				231A784F180EFD1700658141 /* zh-Hans */,
			);
			name = InfoPlist.strings;
			sourceTree = "<group>";
		};
		231A7803180EB95900658141 /* Main.storyboard */ = {
			isa = PBXVariantGroup;
			children = (
				231A7804180EB95900658141 /* Base */,
				231A784E180EFD1700658141 /* zh-Hans */,
				231A7852180EFE1B00658141 /* en */,
			);
			name = Main.storyboard;
			sourceTree = "<group>";
		};
		231A7819180EB95900658141 /* InfoPlist.strings */ = {
			isa = PBXVariantGroup;
			children = (
				231A781A180EB95900658141 /* en */,
				231A7850180EFD1700658141 /* zh-Hans */,
			);
			name = InfoPlist.strings;
			sourceTree = "<group>";
		};
/* End PBXVariantGroup section */

/* Begin XCBuildConfiguration section */
		231A781E180EB95900658141 /* Debug */ = {
			isa = XCBuildConfiguration;
			buildSettings = {
				ALWAYS_SEARCH_USER_PATHS = NO;
				CLANG_CXX_LANGUAGE_STANDARD = "gnu++0x";
				CLANG_CXX_LIBRARY = "libc++";
				CLANG_ENABLE_MODULES = YES;
				CLANG_ENABLE_OBJC_ARC = YES;
				CLANG_WARN_BOOL_CONVERSION = YES;
				CLANG_WARN_CONSTANT_CONVERSION = YES;
				CLANG_WARN_DIRECT_OBJC_ISA_USAGE = YES_ERROR;
				CLANG_WARN_EMPTY_BODY = YES;
				CLANG_WARN_ENUM_CONVERSION = YES;
				CLANG_WARN_INT_CONVERSION = YES;
				CLANG_WARN_OBJC_ROOT_CLASS = YES_ERROR;
				CLANG_WARN__DUPLICATE_METHOD_MATCH = YES;
				CODE_SIGN_IDENTITY = "iPhone Distribution: Yi Bin (HKLRWJ6R2V)";
				"CODE_SIGN_IDENTITY[sdk=iphoneos*]" = "iPhone Distribution: Yi Bin (HKLRWJ6R2V)";
				COPY_PHASE_STRIP = NO;
				GCC_C_LANGUAGE_STANDARD = gnu99;
				GCC_DYNAMIC_NO_PIC = NO;
				GCC_OPTIMIZATION_LEVEL = 0;
				GCC_PREPROCESSOR_DEFINITIONS = (
					"DEBUG=1",
					"$(inherited)",
				);
				GCC_SYMBOLS_PRIVATE_EXTERN = NO;
				GCC_WARN_64_TO_32_BIT_CONVERSION = YES;
				GCC_WARN_ABOUT_RETURN_TYPE = YES_ERROR;
				GCC_WARN_UNDECLARED_SELECTOR = YES;
				GCC_WARN_UNINITIALIZED_AUTOS = YES;
				GCC_WARN_UNUSED_FUNCTION = YES;
				GCC_WARN_UNUSED_VARIABLE = YES;
				IPHONEOS_DEPLOYMENT_TARGET = 7.0;
				ONLY_ACTIVE_ARCH = YES;
				OTHER_CFLAGS = "";
				PROVISIONING_PROFILE = "2c2d1b30-cebf-46c6-bec7-1f9c3b4400ef";
				SDKROOT = iphoneos;
			};
			name = Debug;
		};
		231A781F180EB95900658141 /* Release */ = {
			isa = XCBuildConfiguration;
			buildSettings = {
				ALWAYS_SEARCH_USER_PATHS = NO;
				CLANG_CXX_LANGUAGE_STANDARD = "gnu++0x";
				CLANG_CXX_LIBRARY = "libc++";
				CLANG_ENABLE_MODULES = YES;
				CLANG_ENABLE_OBJC_ARC = YES;
				CLANG_WARN_BOOL_CONVERSION = YES;
				CLANG_WARN_CONSTANT_CONVERSION = YES;
				CLANG_WARN_DIRECT_OBJC_ISA_USAGE = YES_ERROR;
				CLANG_WARN_EMPTY_BODY = YES;
				CLANG_WARN_ENUM_CONVERSION = YES;
				CLANG_WARN_INT_CONVERSION = YES;
				CLANG_WARN_OBJC_ROOT_CLASS = YES_ERROR;
				CLANG_WARN__DUPLICATE_METHOD_MATCH = YES;
				CODE_SIGN_IDENTITY = "iPhone Distribution: Yi Bin (HKLRWJ6R2V)";
				"CODE_SIGN_IDENTITY[sdk=iphoneos*]" = "iPhone Distribution: Yi Bin (HKLRWJ6R2V)";
				COPY_PHASE_STRIP = YES;
				ENABLE_NS_ASSERTIONS = NO;
				GCC_C_LANGUAGE_STANDARD = gnu99;
				GCC_WARN_64_TO_32_BIT_CONVERSION = YES;
				GCC_WARN_ABOUT_RETURN_TYPE = YES_ERROR;
				GCC_WARN_UNDECLARED_SELECTOR = YES;
				GCC_WARN_UNINITIALIZED_AUTOS = YES;
				GCC_WARN_UNUSED_FUNCTION = YES;
				GCC_WARN_UNUSED_VARIABLE = YES;
				IPHONEOS_DEPLOYMENT_TARGET = 7.0;
				OTHER_CFLAGS = "";
				PROVISIONING_PROFILE = "2c2d1b30-cebf-46c6-bec7-1f9c3b4400ef";
				SDKROOT = iphoneos;
				VALIDATE_PRODUCT = YES;
			};
			name = Release;
		};
		231A7821180EB95900658141 /* Debug */ = {
			isa = XCBuildConfiguration;
			baseConfigurationReference = AD37A5B7848EC5C718B522E5 /* Pods.debug.xcconfig */;
			buildSettings = {
				ASSETCATALOG_COMPILER_APPICON_NAME = AppIcon;
				ASSETCATALOG_COMPILER_LAUNCHIMAGE_NAME = LaunchImage;
				CODE_SIGN_ENTITLEMENTS = DiDa/DiDa.entitlements;
				CODE_SIGN_IDENTITY = "iPhone Distribution: Yi Bin (HKLRWJ6R2V)";
				"CODE_SIGN_IDENTITY[sdk=iphoneos*]" = "iPhone Distribution: Yi Bin (HKLRWJ6R2V)";
				GCC_PRECOMPILE_PREFIX_HEADER = YES;
				GCC_PREFIX_HEADER = "DiDa/DiDa-Prefix.pch";
				INFOPLIST_FILE = "DiDa/DiDa-Info.plist";
				IPHONEOS_DEPLOYMENT_TARGET = 6.0;
				OTHER_LDFLAGS = "$(inherited)";
				PRODUCT_NAME = "$(TARGET_NAME)";
				PROVISIONING_PROFILE = "083f24b2-6913-42b2-8c61-17a563e72a1d";
				TARGETED_DEVICE_FAMILY = 1;
				WRAPPER_EXTENSION = app;
			};
			name = Debug;
		};
		231A7822180EB95900658141 /* Release */ = {
			isa = XCBuildConfiguration;
			baseConfigurationReference = B8B941B6A55E8388E62DF87B /* Pods.release.xcconfig */;
			buildSettings = {
				ASSETCATALOG_COMPILER_APPICON_NAME = AppIcon;
				ASSETCATALOG_COMPILER_LAUNCHIMAGE_NAME = LaunchImage;
				CODE_SIGN_ENTITLEMENTS = DiDa/DiDa.entitlements;
				CODE_SIGN_IDENTITY = "iPhone Distribution: Yi Bin (HKLRWJ6R2V)";
				"CODE_SIGN_IDENTITY[sdk=iphoneos*]" = "iPhone Distribution: Yi Bin (HKLRWJ6R2V)";
				GCC_PRECOMPILE_PREFIX_HEADER = YES;
				GCC_PREFIX_HEADER = "DiDa/DiDa-Prefix.pch";
				INFOPLIST_FILE = "DiDa/DiDa-Info.plist";
				IPHONEOS_DEPLOYMENT_TARGET = 6.0;
				OTHER_LDFLAGS = "$(inherited)";
				PRODUCT_NAME = "$(TARGET_NAME)";
				PROVISIONING_PROFILE = "083f24b2-6913-42b2-8c61-17a563e72a1d";
				TARGETED_DEVICE_FAMILY = 1;
				WRAPPER_EXTENSION = app;
			};
			name = Release;
		};
		231A7824180EB95900658141 /* Debug */ = {
			isa = XCBuildConfiguration;
			buildSettings = {
				BUNDLE_LOADER = "$(BUILT_PRODUCTS_DIR)/DiDa.app/DiDa";
				CODE_SIGN_IDENTITY = "iPhone Developer";
				"CODE_SIGN_IDENTITY[sdk=iphoneos*]" = "iPhone Developer";
				FRAMEWORK_SEARCH_PATHS = (
					"$(SDKROOT)/Developer/Library/Frameworks",
					"$(inherited)",
					"$(DEVELOPER_FRAMEWORKS_DIR)",
				);
				GCC_PRECOMPILE_PREFIX_HEADER = YES;
				GCC_PREFIX_HEADER = "DiDa/DiDa-Prefix.pch";
				GCC_PREPROCESSOR_DEFINITIONS = (
					"DEBUG=1",
					"$(inherited)",
				);
				INFOPLIST_FILE = "DiDaTests/DiDaTests-Info.plist";
				PRODUCT_NAME = "$(TARGET_NAME)";
				PROVISIONING_PROFILE = "";
				TEST_HOST = "$(BUNDLE_LOADER)";
				WRAPPER_EXTENSION = xctest;
			};
			name = Debug;
		};
		231A7825180EB95900658141 /* Release */ = {
			isa = XCBuildConfiguration;
			buildSettings = {
				BUNDLE_LOADER = "$(BUILT_PRODUCTS_DIR)/DiDa.app/DiDa";
				CODE_SIGN_IDENTITY = "iPhone Developer";
				"CODE_SIGN_IDENTITY[sdk=iphoneos*]" = "iPhone Developer";
				FRAMEWORK_SEARCH_PATHS = (
					"$(SDKROOT)/Developer/Library/Frameworks",
					"$(inherited)",
					"$(DEVELOPER_FRAMEWORKS_DIR)",
				);
				GCC_PRECOMPILE_PREFIX_HEADER = YES;
				GCC_PREFIX_HEADER = "DiDa/DiDa-Prefix.pch";
				INFOPLIST_FILE = "DiDaTests/DiDaTests-Info.plist";
				PRODUCT_NAME = "$(TARGET_NAME)";
				PROVISIONING_PROFILE = "";
				TEST_HOST = "$(BUNDLE_LOADER)";
				WRAPPER_EXTENSION = xctest;
			};
			name = Release;
		};
/* End XCBuildConfiguration section */

/* Begin XCConfigurationList section */
		231A77E9180EB95900658141 /* Build configuration list for PBXProject "DiDa" */ = {
			isa = XCConfigurationList;
			buildConfigurations = (
				231A781E180EB95900658141 /* Debug */,
				231A781F180EB95900658141 /* Release */,
			);
			defaultConfigurationIsVisible = 0;
			defaultConfigurationName = Release;
		};
		231A7820180EB95900658141 /* Build configuration list for PBXNativeTarget "DiDa" */ = {
			isa = XCConfigurationList;
			buildConfigurations = (
				231A7821180EB95900658141 /* Debug */,
				231A7822180EB95900658141 /* Release */,
			);
			defaultConfigurationIsVisible = 0;
			defaultConfigurationName = Release;
		};
		231A7823180EB95900658141 /* Build configuration list for PBXNativeTarget "DiDaTests" */ = {
			isa = XCConfigurationList;
			buildConfigurations = (
				231A7824180EB95900658141 /* Debug */,
				231A7825180EB95900658141 /* Release */,
			);
			defaultConfigurationIsVisible = 0;
			defaultConfigurationName = Release;
		};
/* End XCConfigurationList section */

/* Begin XCVersionGroup section */
		2335091B1818C82E00B72C8C /* Records.xcdatamodeld */ = {
			isa = XCVersionGroup;
			children = (
				23C01EB51ACA38F3005363DD /* Records 4.xcdatamodel */,
				23A8B03C182CB9A8005CE658 /* Records 2.xcdatamodel */,
				2314EDF61ABBF8F600AC9313 /* Records 3.xcdatamodel */,
				2335091C1818C82E00B72C8C /* Records.xcdatamodel */,
			);
			currentVersion = 23C01EB51ACA38F3005363DD /* Records 4.xcdatamodel */;
			path = Records.xcdatamodeld;
			sourceTree = "<group>";
			versionGroupType = wrapper.xcdatamodel;
		};
/* End XCVersionGroup section */
	};
	rootObject = 231A77E6180EB95900658141 /* Project object */;
}
